{
  "version": 1,
  "dependencies": {
    "net10.0": {
      "Microsoft.AspNetCore.Authentication.OpenIdConnect": {
        "type": "Direct",
        "requested": "[10.0.9, )",
        "resolved": "10.0.9",
        "contentHash": "Xvmxf86pKWHk9aSdqIQP7ao4qTLsYoiYgtbe75YP2aSCdGY4EHjaWOD0IWVR4/wcukrdj6DfqJRtVniUXSr5Nw==",
        "dependencies": {
          "Microsoft.IdentityModel.Protocols.OpenIdConnect": "8.0.1"
        }
      },
      "Microsoft.AspNetCore.DataProtection.StackExchangeRedis": {
        "type": "Direct",
        "requested": "[10.0.9, )",
        "resolved": "10.0.9",
        "contentHash": "pfD7OIaDAUwPy5uITVnkTfQID0iIr2YAgltY/VBnwefu9gH3J8bTjRW/vzm38mlSlT9vo6KWRL6qoqSKBUBAjA==",
        "dependencies": {
          "StackExchange.Redis": "2.7.27"
        }
      },
      "Microsoft.Extensions.Caching.StackExchangeRedis": {
        "type": "Direct",
        "requested": "[10.0.9, )",
        "resolved": "10.0.9",
        "contentHash": "PkscI6VZkG+dVvKSPoR8eq/l3zl1ONPio4286+rvB/hVh2a50Du7w9jqbTWknggKobb+WnODdd4RZzSVY4Ir5g==",
        "dependencies": {
          "StackExchange.Redis": "2.7.27"
        }
      },
      "OpenTelemetry.Exporter.OpenTelemetryProtocol": {
        "type": "Direct",
        "requested": "[1.16.0, )",
        "resolved": "1.16.0",
        "contentHash": "gzYLY8sVDY5FYtVlCYSzBYX53xslRlvBLxwFYOdNIhc76SgKdFYUoDQXOeQI3WPBCrZp51QNcP6fZHh1+HtpIQ==",
        "dependencies": {
          "OpenTelemetry": "1.16.0"
        }
      },
      "OpenTelemetry.Extensions.Hosting": {
        "type": "Direct",
        "requested": "[1.16.0, )",
        "resolved": "1.16.0",
        "contentHash": "/YfrO5MRaA156vhNanYGPX2JjOwKUrA0+Jf7ltT2eD3VkfHqXcEJY5Oxt/nWH8lqBOTc1nJpn2soBtD5Cml8Dg==",
        "dependencies": {
          "OpenTelemetry": "1.16.0"
        }
      },
      "OpenTelemetry.Instrumentation.AspNetCore": {
        "type": "Direct",
        "requested": "[1.16.0, )",
        "resolved": "1.16.0",
        "contentHash": "vSC5EsmBVNcqXMh9BGkkq8zkoUjrg8ghBDb9zbKR8Bqjd05utjVgVft+fqsqQVsvlV5olGj1pBliHBngcIGSIg==",
        "dependencies": {
          "OpenTelemetry.Api.ProviderBuilderExtensions": "[1.16.0, 2.0.0)"
        }
      },
      "OpenTelemetry.Instrumentation.Http": {
        "type": "Direct",
        "requested": "[1.16.0, )",
        "resolved": "1.16.0",
        "contentHash": "+Sz3lfvMXwWE8s/sMruHCDlO/+cArFVc6oBg1tCb70BKlL9FCC7uK4Ar2/VP9Hhwvs+UwaW1vGzE/uiByVHXiA==",
        "dependencies": {
          "OpenTelemetry.Api.ProviderBuilderExtensions": "[1.16.0, 2.0.0)"
        }
      },
      "Yarp.ReverseProxy": {
        "type": "Direct",
        "requested": "[2.3.0, )",
        "resolved": "2.3.0",
        "contentHash": "gxtkN3a+9biu9V9Zd5NaTO6VZWXAnS2mhQ0R/VXmSPoTuiQNZsakKikrKpDtKxrL5nUYzbRsHtl40WNq+ZBKKg==",
        "dependencies": {
          "System.IO.Hashing": "8.0.0"
        }
      },
      "Microsoft.IdentityModel.Abstractions": {
        "type": "Transitive",
        "resolved": "8.0.1",
        "contentHash": "OtlIWcyX01olfdevPKZdIPfBEvbcioDyBiE/Z2lHsopsMD7twcKtlN9kMevHmI5IIPhFpfwCIiR6qHQz1WHUIw=="
      },
      "Microsoft.IdentityModel.JsonWebTokens": {
        "type": "Transitive",
        "resolved": "8.0.1",
        "contentHash": "s6++gF9x0rQApQzOBbSyp4jUaAlwm+DroKfL8gdOHxs83k8SJfUXhuc46rDB3rNXBQ1MVRxqKUrqFhO/M0E97g==",
        "dependencies": {
          "Microsoft.IdentityModel.Tokens": "8.0.1"
        }
      },
      "Microsoft.IdentityModel.Logging": {
        "type": "Transitive",
        "resolved": "8.0.1",
        "contentHash": "UCPF2exZqBXe7v/6sGNiM6zCQOUXXQ9+v5VTb9gPB8ZSUPnX53BxlN78v2jsbIvK9Dq4GovQxo23x8JgWvm/Qg==",
        "dependencies": {
          "Microsoft.IdentityModel.Abstractions": "8.0.1"
        }
      },
      "Microsoft.IdentityModel.Protocols": {
        "type": "Transitive",
        "resolved": "8.0.1",
        "contentHash": "uA2vpKqU3I2mBBEaeJAWPTjT9v1TZrGWKdgK6G5qJd03CLx83kdiqO9cmiK8/n1erkHzFBwU/RphP83aAe3i3g==",
        "dependencies": {
          "Microsoft.IdentityModel.Tokens": "8.0.1"
        }
      },
      "Microsoft.IdentityModel.Protocols.OpenIdConnect": {
        "type": "Transitive",
        "resolved": "8.0.1",
        "contentHash": "AQDbfpL+yzuuGhO/mQhKNsp44pm5Jv8/BI4KiFXR7beVGZoSH35zMV3PrmcfvSTsyI6qrcR898NzUauD6SRigg==",
        "dependencies": {
          "Microsoft.IdentityModel.Protocols": "8.0.1",
          "System.IdentityModel.Tokens.Jwt": "8.0.1"
        }
      },
      "Microsoft.IdentityModel.Tokens": {
        "type": "Transitive",
        "resolved": "8.0.1",
        "contentHash": "kDimB6Dkd3nkW2oZPDkMkVHfQt3IDqO5gL0oa8WVy3OP4uE8Ij+8TXnqg9TOd9ufjsY3IDiGz7pCUbnfL18tjg==",
        "dependencies": {
          "Microsoft.IdentityModel.Logging": "8.0.1"
        }
      },
      "OpenTelemetry": {
        "type": "Transitive",
        "resolved": "1.16.0",
        "contentHash": "nE/Px3MUvQC8c0UG0DOP5OJE7vMtiMaPYi/6TkSS/o/O0s/oPq+8WaPYTVEPzb7lwu/QyLgknc+sFm2FjPXe2A==",
        "dependencies": {
          "OpenTelemetry.Api.ProviderBuilderExtensions": "1.16.0"
        }
      },
      "OpenTelemetry.Api": {
        "type": "Transitive",
        "resolved": "1.16.0",
        "contentHash": "WZP8Eb6vZTeNqeV+fjBitc7iefBoTHIhaWorqg/h/YiQBlcQJu0bICuTqKV0XRyjiE0eWs80yLlnUtHAFSkFWA=="
      },
      "OpenTelemetry.Api.ProviderBuilderExtensions": {
        "type": "Transitive",
        "resolved": "1.16.0",
        "contentHash": "hZwaHAkXvUNn9+cS+vEvYBgIrIQOQRz2cIRUODZ5gxHsDsLeNCueLgZFkybopjE0jUhLut6lm5eL3LTqbW0hMg==",
        "dependencies": {
          "OpenTelemetry.Api": "1.16.0"
        }
      },
      "Pipelines.Sockets.Unofficial": {
        "type": "Transitive",
        "resolved": "2.2.8",
        "contentHash": "zG2FApP5zxSx6OcdJQLbZDk2AVlN2BNQD6MorwIfV6gVj0RRxWPEp2LXAxqDGZqeNV1Zp0BNPcNaey/GXmTdvQ=="
      },
      "StackExchange.Redis": {
        "type": "Transitive",
        "resolved": "2.7.27",
        "contentHash": "Uqc2OQHglqj9/FfGQ6RkKFkZfHySfZlfmbCl+hc+u2I/IqunfelQ7QJi7ZhvAJxUtu80pildVX6NPLdDaUffOw==",
        "dependencies": {
          "Pipelines.Sockets.Unofficial": "2.2.8"
        }
      },
      "System.IdentityModel.Tokens.Jwt": {
        "type": "Transitive",
        "resolved": "8.0.1",
        "contentHash": "GJw3bYkWpOgvN3tJo5X4lYUeIFA2HD293FPUhKmp7qxS+g5ywAb34Dnd3cDAFLkcMohy5XTpoaZ4uAHuw0uSPQ==",
        "dependencies": {
          "Microsoft.IdentityModel.JsonWebTokens": "8.0.1",
          "Microsoft.IdentityModel.Tokens": "8.0.1"
        }
      },
      "System.IO.Hashing": {
        "type": "Transitive",
        "resolved": "8.0.0",
        "contentHash": "ne1843evDugl0md7Fjzy6QjJrzsjh46ZKbhf8GwBXb5f/gw97J4bxMs0NQKifDuThh/f0bZ0e62NPl1jzTuRqA=="
      }
    }
  }
}